
Microsoft Visual Studio Solution File, Format Version 12.00
# Visual Studio Version 17
VisualStudioVersion = 17.8.34330.188
MinimumVisualStudioVersion = 10.0.40219.1
Project("{9A19103F-16F7-4668-BE54-9A1E7A4F7556}") = "Installer", "Installer.csproj", "{18D27D9D-76A6-40AC-A94C-39A838292350}"
EndProject
Global
	GlobalSection(SolutionConfigurationPlatforms) = preSolution
		Debug|Any CPU = Debug|Any CPU
		Debug|ARM = Debug|ARM
		Debug|ARM64 = Debug|ARM64
		Debug|x64 = Debug|x64
		Debug|x86 = Debug|x86
		Release|Any CPU = Release|Any CPU
		Release|ARM = Release|ARM
		Release|ARM64 = Release|ARM64
		Release|x64 = Release|x64
		Release|x86 = Release|x86
	EndGlobalSection
	GlobalSection(ProjectConfigurationPlatforms) = postSolution
		{18D27D9D-76A6-40AC-A94C-39A838292350}.Debug|Any CPU.ActiveCfg = Debug|Any CPU
		{18D27D9D-76A6-40AC-A94C-39A838292350}.Debug|Any CPU.Build.0 = Debug|Any CPU
		{18D27D9D-76A6-40AC-A94C-39A838292350}.Debug|ARM.ActiveCfg = Debug|Any CPU
		{18D27D9D-76A6-40AC-A94C-39A838292350}.Debug|ARM.Build.0 = Debug|Any CPU
		{18D27D9D-76A6-40AC-A94C-39A838292350}.Debug|ARM64.ActiveCfg = Debug|Any CPU
		{18D27D9D-76A6-40AC-A94C-39A838292350}.Debug|ARM64.Build.0 = Debug|Any CPU
		{18D27D9D-76A6-40AC-A94C-39A838292350}.Debug|x64.ActiveCfg = Debug|Any CPU
		{18D27D9D-76A6-40AC-A94C-39A838292350}.Debug|x64.Build.0 = Debug|Any CPU
		{18D27D9D-76A6-40AC-A94C-39A838292350}.Debug|x86.ActiveCfg = Debug|Any CPU
		{18D27D9D-76A6-40AC-A94C-39A838292350}.Debug|x86.Build.0 = Debug|Any CPU
		{18D27D9D-76A6-40AC-A94C-39A838292350}.Release|Any CPU.ActiveCfg = Release|Any CPU
		{18D27D9D-76A6-40AC-A94C-39A838292350}.Release|Any CPU.Build.0 = Release|Any CPU
		{18D27D9D-76A6-40AC-A94C-39A838292350}.Release|ARM.ActiveCfg = Release|Any CPU
		{18D27D9D-76A6-40AC-A94C-39A838292350}.Release|ARM.Build.0 = Release|Any CPU
		{18D27D9D-76A6-40AC-A94C-39A838292350}.Release|ARM64.ActiveCfg = Release|Any CPU
		{18D27D9D-76A6-40AC-A94C-39A838292350}.Release|ARM64.Build.0 = Release|Any CPU
		{18D27D9D-76A6-40AC-A94C-39A838292350}.Release|x64.ActiveCfg = Release|Any CPU
		{18D27D9D-76A6-40AC-A94C-39A838292350}.Release|x64.Build.0 = Release|Any CPU
		{18D27D9D-76A6-40AC-A94C-39A838292350}.Release|x86.ActiveCfg = Release|Any CPU
		{18D27D9D-76A6-40AC-A94C-39A838292350}.Release|x86.Build.0 = Release|Any CPU
	EndGlobalSection
	GlobalSection(SolutionProperties) = preSolution
		HideSolutionNode = FALSE
	EndGlobalSection
	GlobalSection(ExtensibilityGlobals) = postSolution
		SolutionGuid = {101333EA-DE35-4996-808F-FFB2F9F99F1B}
	EndGlobalSection
EndGlobal
